// !$*UTF8*$!
{
	archiveVersion = 1;
	classes = {
	};
	objectVersion = 56;
	objects = {

/* Begin PBXBuildFile section */
		F2E0268229B27D4B00B21FC3 /* CoreDataSwitUIDemoApp.swift in Sources */ = {isa = PBXBuildFile; fileRef = F2E0268129B27D4B00B21FC3 /* CoreDataSwitUIDemoApp.swift */; };
		F2E0268429B27D4B00B21FC3 /* ContentView.swift in Sources */ = {isa = PBXBuildFile; fileRef = F2E0268329B27D4B00B21FC3 /* ContentView.swift */; };
		F2E0268629B27D4D00B21FC3 /* Assets.xcassets in Resources */ = {isa = PBXBuildFile; fileRef = F2E0268529B27D4D00B21FC3 /* Assets.xcassets */; };
		F2E0268929B27D4D00B21FC3 /* Preview Assets.xcassets in Resources */ = {isa = PBXBuildFile; fileRef = F2E0268829B27D4D00B21FC3 /* Preview Assets.xcassets */; };
		F2E0269329B27D4D00B21FC3 /* CoreDataSwitUIDemoTests.swift in Sources */ = {isa = PBXBuildFile; fileRef = F2E0269229B27D4D00B21FC3 /* CoreDataSwitUIDemoTests.swift */; };
		F2E0269D29B27D4D00B21FC3 /* CoreDataSwitUIDemoUITests.swift in Sources */ = {isa = PBXBuildFile; fileRef = F2E0269C29B27D4D00B21FC3 /* CoreDataSwitUIDemoUITests.swift */; };
		F2E0269F29B27D4D00B21FC3 /* CoreDataSwitUIDemoUITestsLaunchTests.swift in Sources */ = {isa = PBXBuildFile; fileRef = F2E0269E29B27D4D00B21FC3 /* CoreDataSwitUIDemoUITestsLaunchTests.swift */; };
		F2E026AD29B27EC300B21FC3 /* SubjectsContainer.xcdatamodeld in Sources */ = {isa = PBXBuildFile; fileRef = F2E026AB29B27EC300B21FC3 /* SubjectsContainer.xcdatamodeld */; };
		F2E026AF29B286BE00B21FC3 /* CoreDataViewModel.swift in Sources */ = {isa = PBXBuildFile; fileRef = F2E026AE29B286BE00B21FC3 /* CoreDataViewModel.swift */; };
/* End PBXBuildFile section */

/* Begin PBXContainerItemProxy section */
		F2E0268F29B27D4D00B21FC3 /* PBXContainerItemProxy */ = {
			isa = PBXContainerItemProxy;
			containerPortal = F2E0267629B27D4B00B21FC3 /* Project object */;
			proxyType = 1;
			remoteGlobalIDString = F2E0267D29B27D4B00B21FC3;
			remoteInfo = CoreDataSwitUIDemo;
		};
		F2E0269929B27D4D00B21FC3 /* PBXContainerItemProxy */ = {
			isa = PBXContainerItemProxy;
			containerPortal = F2E0267629B27D4B00B21FC3 /* Project object */;
			proxyType = 1;
			remoteGlobalIDString = F2E0267D29B27D4B00B21FC3;
			remoteInfo = CoreDataSwitUIDemo;
		};
/* End PBXContainerItemProxy section */

/* Begin PBXFileReference section */
		F2E0267E29B27D4B00B21FC3 /* CoreDataSwitUIDemo.app */ = {isa = PBXFileReference; explicitFileType = wrapper.application; includeInIndex = 0; path = CoreDataSwitUIDemo.app; sourceTree = BUILT_PRODUCTS_DIR; };
		F2E0268129B27D4B00B21FC3 /* CoreDataSwitUIDemoApp.swift */ = {isa = PBXFileReference; lastKnownFileType = sourcecode.swift; path = CoreDataSwitUIDemoApp.swift; sourceTree = "<group>"; };
		F2E0268329B27D4B00B21FC3 /* ContentView.swift */ = {isa = PBXFileReference; lastKnownFileType = sourcecode.swift; path = ContentView.swift; sourceTree = "<group>"; };
		F2E0268529B27D4D00B21FC3 /* Assets.xcassets */ = {isa = PBXFileReference; lastKnownFileType = folder.assetcatalog; path = Assets.xcassets; sourceTree = "<group>"; };
		F2E0268829B27D4D00B21FC3 /* Preview Assets.xcassets */ = {isa = PBXFileReference; lastKnownFileType = folder.assetcatalog; path = "Preview Assets.xcassets"; sourceTree = "<group>"; };
		F2E0268E29B27D4D00B21FC3 /* CoreDataSwitUIDemoTests.xctest */ = {isa = PBXFileReference; explicitFileType = wrapper.cfbundle; includeInIndex = 0; path = CoreDataSwitUIDemoTests.xctest; sourceTree = BUILT_PRODUCTS_DIR; };
		F2E0269229B27D4D00B21FC3 /* CoreDataSwitUIDemoTests.swift */ = {isa = PBXFileReference; lastKnownFileType = sourcecode.swift; path = CoreDataSwitUIDemoTests.swift; sourceTree = "<group>"; };
		F2E0269829B27D4D00B21FC3 /* CoreDataSwitUIDemoUITests.xctest */ = {isa = PBXFileReference; explicitFileType = wrapper.cfbundle; includeInIndex = 0; path = CoreDataSwitUIDemoUITests.xctest; sourceTree = BUILT_PRODUCTS_DIR; };
		F2E0269C29B27D4D00B21FC3 /* CoreDataSwitUIDemoUITests.swift */ = {isa = PBXFileReference; lastKnownFileType = sourcecode.swift; path = CoreDataSwitUIDemoUITests.swift; sourceTree = "<group>"; };
		F2E0269E29B27D4D00B21FC3 /* CoreDataSwitUIDemoUITestsLaunchTests.swift */ = {isa = PBXFileReference; lastKnownFileType = sourcecode.swift; path = CoreDataSwitUIDemoUITestsLaunchTests.swift; sourceTree = "<group>"; };
		F2E026AC29B27EC300B21FC3 /* SubjectsContainer.xcdatamodel */ = {isa = PBXFileReference; lastKnownFileType = wrapper.xcdatamodel; path = SubjectsContainer.xcdatamodel; sourceTree = "<group>"; };
		F2E026AE29B286BE00B21FC3 /* CoreDataViewModel.swift */ = {isa = PBXFileReference; lastKnownFileType = sourcecode.swift; path = CoreDataViewModel.swift; sourceTree = "<group>"; };
/* End PBXFileReference section */

/* Begin PBXFrameworksBuildPhase section */
		F2E0267B29B27D4B00B21FC3 /* Frameworks */ = {
			isa = PBXFrameworksBuildPhase;
			buildActionMask = 2147483647;
			files = (
			);
			runOnlyForDeploymentPostprocessing = 0;
		};
		F2E0268B29B27D4D00B21FC3 /* Frameworks */ = {
			isa = PBXFrameworksBuildPhase;
			buildActionMask = 2147483647;
			files = (
			);
			runOnlyForDeploymentPostprocessing = 0;
		};
		F2E0269529B27D4D00B21FC3 /* Frameworks */ = {
			isa = PBXFrameworksBuildPhase;
			buildActionMask = 2147483647;
			files = (
			);
			runOnlyForDeploymentPostprocessing = 0;
		};
/* End PBXFrameworksBuildPhase section */

/* Begin PBXGroup section */
		F2E0267529B27D4B00B21FC3 = {
			isa = PBXGroup;
			children = (
				F2E0268029B27D4B00B21FC3 /* CoreDataSwitUIDemo */,
				F2E0269129B27D4D00B21FC3 /* CoreDataSwitUIDemoTests */,
				F2E0269B29B27D4D00B21FC3 /* CoreDataSwitUIDemoUITests */,
				F2E0267F29B27D4B00B21FC3 /* Products */,
			);
			sourceTree = "<group>";
		};
		F2E0267F29B27D4B00B21FC3 /* Products */ = {
			isa = PBXGroup;
			children = (
				F2E0267E29B27D4B00B21FC3 /* CoreDataSwitUIDemo.app */,
				F2E0268E29B27D4D00B21FC3 /* CoreDataSwitUIDemoTests.xctest */,
				F2E0269829B27D4D00B21FC3 /* CoreDataSwitUIDemoUITests.xctest */,
			);
			name = Products;
			sourceTree = "<group>";
		};
		F2E0268029B27D4B00B21FC3 /* CoreDataSwitUIDemo */ = {
			isa = PBXGroup;
			children = (
				F2E0268129B27D4B00B21FC3 /* CoreDataSwitUIDemoApp.swift */,
				F2E026AE29B286BE00B21FC3 /* CoreDataViewModel.swift */,
				F2E0268329B27D4B00B21FC3 /* ContentView.swift */,
				F2E026AB29B27EC300B21FC3 /* SubjectsContainer.xcdatamodeld */,
				F2E0268529B27D4D00B21FC3 /* Assets.xcassets */,
				F2E0268729B27D4D00B21FC3 /* Preview Content */,
			);
			path = CoreDataSwitUIDemo;
			sourceTree = "<group>";
		};
		F2E0268729B27D4D00B21FC3 /* Preview Content */ = {
			isa = PBXGroup;
			children = (
				F2E0268829B27D4D00B21FC3 /* Preview Assets.xcassets */,
			);
			path = "Preview Content";
			sourceTree = "<group>";
		};
		F2E0269129B27D4D00B21FC3 /* CoreDataSwitUIDemoTests */ = {
			isa = PBXGroup;
			children = (
				F2E0269229B27D4D00B21FC3 /* CoreDataSwitUIDemoTests.swift */,
			);
			path = CoreDataSwitUIDemoTests;
			sourceTree = "<group>";
		};
		F2E0269B29B27D4D00B21FC3 /* CoreDataSwitUIDemoUITests */ = {
			isa = PBXGroup;
			children = (
				F2E0269C29B27D4D00B21FC3 /* CoreDataSwitUIDemoUITests.swift */,
				F2E0269E29B27D4D00B21FC3 /* CoreDataSwitUIDemoUITestsLaunchTests.swift */,
			);
			path = CoreDataSwitUIDemoUITests;
			sourceTree = "<group>";
		};
/* End PBXGroup section */

/* Begin PBXNativeTarget section */
		F2E0267D29B27D4B00B21FC3 /* CoreDataSwitUIDemo */ = {
			isa = PBXNativeTarget;
			buildConfigurationList = F2E026A229B27D4D00B21FC3 /* Build configuration list for PBXNativeTarget "CoreDataSwitUIDemo" */;
			buildPhases = (
				F2E0267A29B27D4B00B21FC3 /* Sources */,
				F2E0267B29B27D4B00B21FC3 /* Frameworks */,
				F2E0267C29B27D4B00B21FC3 /* Resources */,
			);
			buildRules = (
			);
			dependencies = (
			);
			name = CoreDataSwitUIDemo;
			productName = CoreDataSwitUIDemo;
			productReference = F2E0267E29B27D4B00B21FC3 /* CoreDataSwitUIDemo.app */;
			productType = "com.apple.product-type.application";
		};
		F2E0268D29B27D4D00B21FC3 /* CoreDataSwitUIDemoTests */ = {
			isa = PBXNativeTarget;
			buildConfigurationList = F2E026A529B27D4D00B21FC3 /* Build configuration list for PBXNativeTarget "CoreDataSwitUIDemoTests" */;
			buildPhases = (
				F2E0268A29B27D4D00B21FC3 /* Sources */,
				F2E0268B29B27D4D00B21FC3 /* Frameworks */,
				F2E0268C29B27D4D00B21FC3 /* Resources */,
			);
			buildRules = (
			);
			dependencies = (
				F2E0269029B27D4D00B21FC3 /* PBXTargetDependency */,
			);
			name = CoreDataSwitUIDemoTests;
			productName = CoreDataSwitUIDemoTests;
			productReference = F2E0268E29B27D4D00B21FC3 /* CoreDataSwitUIDemoTests.xctest */;
			productType = "com.apple.product-type.bundle.unit-test";
		};
		F2E0269729B27D4D00B21FC3 /* CoreDataSwitUIDemoUITests */ = {
			isa = PBXNativeTarget;
			buildConfigurationList = F2E026A829B27D4D00B21FC3 /* Build configuration list for PBXNativeTarget "CoreDataSwitUIDemoUITests" */;
			buildPhases = (
				F2E0269429B27D4D00B21FC3 /* Sources */,
				F2E0269529B27D4D00B21FC3 /* Frameworks */,
				F2E0269629B27D4D00B21FC3 /* Resources */,
			);
			buildRules = (
			);
			dependencies = (
				F2E0269A29B27D4D00B21FC3 /* PBXTargetDependency */,
			);
			name = CoreDataSwitUIDemoUITests;
			productName = CoreDataSwitUIDemoUITests;
			productReference = F2E0269829B27D4D00B21FC3 /* CoreDataSwitUIDemoUITests.xctest */;
			productType = "com.apple.product-type.bundle.ui-testing";
		};
/* End PBXNativeTarget section */

/* Begin PBXProject section */
		F2E0267629B27D4B00B21FC3 /* Project object */ = {
			isa = PBXProject;
			attributes = {
				BuildIndependentTargetsInParallel = 1;
				LastSwiftUpdateCheck = 1420;
				LastUpgradeCheck = 1420;
				TargetAttributes = {
					F2E0267D29B27D4B00B21FC3 = {
						CreatedOnToolsVersion = 14.2;
					};
					F2E0268D29B27D4D00B21FC3 = {
						CreatedOnToolsVersion = 14.2;
						TestTargetID = F2E0267D29B27D4B00B21FC3;
					};
					F2E0269729B27D4D00B21FC3 = {
						CreatedOnToolsVersion = 14.2;
						TestTargetID = F2E0267D29B27D4B00B21FC3;
					};
				};
			};
			buildConfigurationList = F2E0267929B27D4B00B21FC3 /* Build configuration list for PBXProject "CoreDataSwitUIDemo" */;
			compatibilityVersion = "Xcode 14.0";
			developmentRegion = en;
			hasScannedForEncodings = 0;
			knownRegions = (
				en,
				Base,
			);
			mainGroup = F2E0267529B27D4B00B21FC3;
			productRefGroup = F2E0267F29B27D4B00B21FC3 /* Products */;
			projectDirPath = "";
			projectRoot = "";
			targets = (
				F2E0267D29B27D4B00B21FC3 /* CoreDataSwitUIDemo */,
				F2E0268D29B27D4D00B21FC3 /* CoreDataSwitUIDemoTests */,
				F2E0269729B27D4D00B21FC3 /* CoreDataSwitUIDemoUITests */,
			);
		};
/* End PBXProject section */

/* Begin PBXResourcesBuildPhase section */
		F2E0267C29B27D4B00B21FC3 /* Resources */ = {
			isa = PBXResourcesBuildPhase;
			buildActionMask = 2147483647;
			files = (
				F2E0268929B27D4D00B21FC3 /* Preview Assets.xcassets in Resources */,
				F2E0268629B27D4D00B21FC3 /* Assets.xcassets in Resources */,
			);
			runOnlyForDeploymentPostprocessing = 0;
		};
		F2E0268C29B27D4D00B21FC3 /* Resources */ = {
			isa = PBXResourcesBuildPhase;
			buildActionMask = 2147483647;
			files = (
			);
			runOnlyForDeploymentPostprocessing = 0;
		};
		F2E0269629B27D4D00B21FC3 /* Resources */ = {
			isa = PBXResourcesBuildPhase;
			buildActionMask = 2147483647;
			files = (
			);
			runOnlyForDeploymentPostprocessing = 0;
		};
/* End PBXResourcesBuildPhase section */

/* Begin PBXSourcesBuildPhase section */
		F2E0267A29B27D4B00B21FC3 /* Sources */ = {
			isa = PBXSourcesBuildPhase;
			buildActionMask = 2147483647;
			files = (
				F2E0268429B27D4B00B21FC3 /* ContentView.swift in Sources */,
				F2E026AF29B286BE00B21FC3 /* CoreDataViewModel.swift in Sources */,
				F2E0268229B27D4B00B21FC3 /* CoreDataSwitUIDemoApp.swift in Sources */,
				F2E026AD29B27EC300B21FC3 /* SubjectsContainer.xcdatamodeld in Sources */,
			);
			runOnlyForDeploymentPostprocessing = 0;
		};
		F2E0268A29B27D4D00B21FC3 /* Sources */ = {
			isa = PBXSourcesBuildPhase;
			buildActionMask = 2147483647;
			files = (
				F2E0269329B27D4D00B21FC3 /* CoreDataSwitUIDemoTests.swift in Sources */,
			);
			runOnlyForDeploymentPostprocessing = 0;
		};
		F2E0269429B27D4D00B21FC3 /* Sources */ = {
			isa = PBXSourcesBuildPhase;
			buildActionMask = 2147483647;
			files = (
				F2E0269D29B27D4D00B21FC3 /* CoreDataSwitUIDemoUITests.swift in Sources */,
				F2E0269F29B27D4D00B21FC3 /* CoreDataSwitUIDemoUITestsLaunchTests.swift in Sources */,
			);
			runOnlyForDeploymentPostprocessing = 0;
		};
/* End PBXSourcesBuildPhase section */

/* Begin PBXTargetDependency section */
		F2E0269029B27D4D00B21FC3 /* PBXTargetDependency */ = {
			isa = PBXTargetDependency;
			target = F2E0267D29B27D4B00B21FC3 /* CoreDataSwitUIDemo */;
			targetProxy = F2E0268F29B27D4D00B21FC3 /* PBXContainerItemProxy */;
		};
		F2E0269A29B27D4D00B21FC3 /* PBXTargetDependency */ = {
			isa = PBXTargetDependency;
			target = F2E0267D29B27D4B00B21FC3 /* CoreDataSwitUIDemo */;
			targetProxy = F2E0269929B27D4D00B21FC3 /* PBXContainerItemProxy */;
		};
/* End PBXTargetDependency section */

/* Begin XCBuildConfiguration section */
		F2E026A029B27D4D00B21FC3 /* Debug */ = {
			isa = XCBuildConfiguration;
			buildSettings = {
				ALWAYS_SEARCH_USER_PATHS = NO;
				CLANG_ANALYZER_NONNULL = YES;
				CLANG_ANALYZER_NUMBER_OBJECT_CONVERSION = YES_AGGRESSIVE;
				CLANG_CXX_LANGUAGE_STANDARD = "gnu++20";
				CLANG_ENABLE_MODULES = YES;
				CLANG_ENABLE_OBJC_ARC = YES;
				CLANG_ENABLE_OBJC_WEAK = YES;
				CLANG_WARN_BLOCK_CAPTURE_AUTORELEASING = YES;
				CLANG_WARN_BOOL_CONVERSION = YES;
				CLANG_WARN_COMMA = YES;
				CLANG_WARN_CONSTANT_CONVERSION = YES;
				CLANG_WARN_DEPRECATED_OBJC_IMPLEMENTATIONS = YES;
				CLANG_WARN_DIRECT_OBJC_ISA_USAGE = YES_ERROR;
				CLANG_WARN_DOCUMENTATION_COMMENTS = YES;
				CLANG_WARN_EMPTY_BODY = YES;
				CLANG_WARN_ENUM_CONVERSION = YES;
				CLANG_WARN_INFINITE_RECURSION = YES;
				CLANG_WARN_INT_CONVERSION = YES;
				CLANG_WARN_NON_LITERAL_NULL_CONVERSION = YES;
				CLANG_WARN_OBJC_IMPLICIT_RETAIN_SELF = YES;
				CLANG_WARN_OBJC_LITERAL_CONVERSION = YES;
				CLANG_WARN_OBJC_ROOT_CLASS = YES_ERROR;
				CLANG_WARN_QUOTED_INCLUDE_IN_FRAMEWORK_HEADER = YES;
				CLANG_WARN_RANGE_LOOP_ANALYSIS = YES;
				CLANG_WARN_STRICT_PROTOTYPES = YES;
				CLANG_WARN_SUSPICIOUS_MOVE = YES;
				CLANG_WARN_UNGUARDED_AVAILABILITY = YES_AGGRESSIVE;
				CLANG_WARN_UNREACHABLE_CODE = YES;
				CLANG_WARN__DUPLICATE_METHOD_MATCH = YES;
				COPY_PHASE_STRIP = NO;
				DEBUG_INFORMATION_FORMAT = dwarf;
				ENABLE_STRICT_OBJC_MSGSEND = YES;
				ENABLE_TESTABILITY = YES;
				GCC_C_LANGUAGE_STANDARD = gnu11;
				GCC_DYNAMIC_NO_PIC = NO;
				GCC_NO_COMMON_BLOCKS = YES;
				GCC_OPTIMIZATION_LEVEL = 0;
				GCC_PREPROCESSOR_DEFINITIONS = (
					"DEBUG=1",
					"$(inherited)",
				);
				GCC_WARN_64_TO_32_BIT_CONVERSION = YES;
				GCC_WARN_ABOUT_RETURN_TYPE = YES_ERROR;
				GCC_WARN_UNDECLARED_SELECTOR = YES;
				GCC_WARN_UNINITIALIZED_AUTOS = YES_AGGRESSIVE;
				GCC_WARN_UNUSED_FUNCTION = YES;
				GCC_WARN_UNUSED_VARIABLE = YES;
				IPHONEOS_DEPLOYMENT_TARGET = 16.2;
				MTL_ENABLE_DEBUG_INFO = INCLUDE_SOURCE;
				MTL_FAST_MATH = YES;
				ONLY_ACTIVE_ARCH = YES;
				SDKROOT = iphoneos;
				SWIFT_ACTIVE_COMPILATION_CONDITIONS = DEBUG;
				SWIFT_OPTIMIZATION_LEVEL = "-Onone";
			};
			name = Debug;
		};
		F2E026A129B27D4D00B21FC3 /* Release */ = {
			isa = XCBuildConfiguration;
			buildSettings = {
				ALWAYS_SEARCH_USER_PATHS = NO;
				CLANG_ANALYZER_NONNULL = YES;
				CLANG_ANALYZER_NUMBER_OBJECT_CONVERSION = YES_AGGRESSIVE;
				CLANG_CXX_LANGUAGE_STANDARD = "gnu++20";
				CLANG_ENABLE_MODULES = YES;
				CLANG_ENABLE_OBJC_ARC = YES;
				CLANG_ENABLE_OBJC_WEAK = YES;
				CLANG_WARN_BLOCK_CAPTURE_AUTORELEASING = YES;
				CLANG_WARN_BOOL_CONVERSION = YES;
				CLANG_WARN_COMMA = YES;
				CLANG_WARN_CONSTANT_CONVERSION = YES;
				CLANG_WARN_DEPRECATED_OBJC_IMPLEMENTATIONS = YES;
				CLANG_WARN_DIRECT_OBJC_ISA_USAGE = YES_ERROR;
				CLANG_WARN_DOCUMENTATION_COMMENTS = YES;
				CLANG_WARN_EMPTY_BODY = YES;
				CLANG_WARN_ENUM_CONVERSION = YES;
				CLANG_WARN_INFINITE_RECURSION = YES;
				CLANG_WARN_INT_CONVERSION = YES;
				CLANG_WARN_NON_LITERAL_NULL_CONVERSION = YES;
				CLANG_WARN_OBJC_IMPLICIT_RETAIN_SELF = YES;
				CLANG_WARN_OBJC_LITERAL_CONVERSION = YES;
				CLANG_WARN_OBJC_ROOT_CLASS = YES_ERROR;
				CLANG_WARN_QUOTED_INCLUDE_IN_FRAMEWORK_HEADER = YES;
				CLANG_WARN_RANGE_LOOP_ANALYSIS = YES;
				CLANG_WARN_STRICT_PROTOTYPES = YES;
				CLANG_WARN_SUSPICIOUS_MOVE = YES;
				CLANG_WARN_UNGUARDED_AVAILABILITY = YES_AGGRESSIVE;
				CLANG_WARN_UNREACHABLE_CODE = YES;
				CLANG_WARN__DUPLICATE_METHOD_MATCH = YES;
				COPY_PHASE_STRIP = NO;
				DEBUG_INFORMATION_FORMAT = "dwarf-with-dsym";
				ENABLE_NS_ASSERTIONS = NO;
				ENABLE_STRICT_OBJC_MSGSEND = YES;
				GCC_C_LANGUAGE_STANDARD = gnu11;
				GCC_NO_COMMON_BLOCKS = YES;
				GCC_WARN_64_TO_32_BIT_CONVERSION = YES;
				GCC_WARN_ABOUT_RETURN_TYPE = YES_ERROR;
				GCC_WARN_UNDECLARED_SELECTOR = YES;
				GCC_WARN_UNINITIALIZED_AUTOS = YES_AGGRESSIVE;
				GCC_WARN_UNUSED_FUNCTION = YES;
				GCC_WARN_UNUSED_VARIABLE = YES;
				IPHONEOS_DEPLOYMENT_TARGET = 16.2;
				MTL_ENABLE_DEBUG_INFO = NO;
				MTL_FAST_MATH = YES;
				SDKROOT = iphoneos;
				SWIFT_COMPILATION_MODE = wholemodule;
				SWIFT_OPTIMIZATION_LEVEL = "-O";
				VALIDATE_PRODUCT = YES;
			};
			name = Release;
		};
		F2E026A329B27D4D00B21FC3 /* Debug */ = {
			isa = XCBuildConfiguration;
			buildSettings = {
				ASSETCATALOG_COMPILER_APPICON_NAME = AppIcon;
				ASSETCATALOG_COMPILER_GLOBAL_ACCENT_COLOR_NAME = AccentColor;
				CODE_SIGN_STYLE = Automatic;
				CURRENT_PROJECT_VERSION = 1;
				DEVELOPMENT_ASSET_PATHS = "\"CoreDataSwitUIDemo/Preview Content\"";
				DEVELOPMENT_TEAM = VT9QW74UCT;
				ENABLE_PREVIEWS = YES;
				GENERATE_INFOPLIST_FILE = YES;
				INFOPLIST_KEY_UIApplicationSceneManifest_Generation = YES;
				INFOPLIST_KEY_UIApplicationSupportsIndirectInputEvents = YES;
				INFOPLIST_KEY_UILaunchScreen_Generation = YES;
				INFOPLIST_KEY_UISupportedInterfaceOrientations_iPad = "UIInterfaceOrientationPortrait UIInterfaceOrientationPortraitUpsideDown UIInterfaceOrientationLandscapeLeft UIInterfaceOrientationLandscapeRight";
				INFOPLIST_KEY_UISupportedInterfaceOrientations_iPhone = "UIInterfaceOrientationPortrait UIInterfaceOrientationLandscapeLeft UIInterfaceOrientationLandscapeRight";
				LD_RUNPATH_SEARCH_PATHS = (
					"$(inherited)",
					"@executable_path/Frameworks",
				);
				MARKETING_VERSION = 1.0;
				PRODUCT_BUNDLE_IDENTIFIER = DevOp.CoreDataSwitUIDemo;
				PRODUCT_NAME = "$(TARGET_NAME)";
				SWIFT_EMIT_LOC_STRINGS = YES;
				SWIFT_VERSION = 5.0;
				TARGETED_DEVICE_FAMILY = "1,2";
			};
			name = Debug;
		};
		F2E026A429B27D4D00B21FC3 /* Release */ = {
			isa = XCBuildConfiguration;
			buildSettings = {
				ASSETCATALOG_COMPILER_APPICON_NAME = AppIcon;
				ASSETCATALOG_COMPILER_GLOBAL_ACCENT_COLOR_NAME = AccentColor;
				CODE_SIGN_STYLE = Automatic;
				CURRENT_PROJECT_VERSION = 1;
				DEVELOPMENT_ASSET_PATHS = "\"CoreDataSwitUIDemo/Preview Content\"";
				DEVELOPMENT_TEAM = VT9QW74UCT;
				ENABLE_PREVIEWS = YES;
				GENERATE_INFOPLIST_FILE = YES;
				INFOPLIST_KEY_UIApplicationSceneManifest_Generation = YES;
				INFOPLIST_KEY_UIApplicationSupportsIndirectInputEvents = YES;
				INFOPLIST_KEY_UILaunchScreen_Generation = YES;
				INFOPLIST_KEY_UISupportedInterfaceOrientations_iPad = "UIInterfaceOrientationPortrait UIInterfaceOrientationPortraitUpsideDown UIInterfaceOrientationLandscapeLeft UIInterfaceOrientationLandscapeRight";
				INFOPLIST_KEY_UISupportedInterfaceOrientations_iPhone = "UIInterfaceOrientationPortrait UIInterfaceOrientationLandscapeLeft UIInterfaceOrientationLandscapeRight";
				LD_RUNPATH_SEARCH_PATHS = (
					"$(inherited)",
					"@executable_path/Frameworks",
				);
				MARKETING_VERSION = 1.0;
				PRODUCT_BUNDLE_IDENTIFIER = DevOp.CoreDataSwitUIDemo;
				PRODUCT_NAME = "$(TARGET_NAME)";
				SWIFT_EMIT_LOC_STRINGS = YES;
				SWIFT_VERSION = 5.0;
				TARGETED_DEVICE_FAMILY = "1,2";
			};
			name = Release;
		};
		F2E026A629B27D4D00B21FC3 /* Debug */ = {
			isa = XCBuildConfiguration;
			buildSettings = {
				ALWAYS_EMBED_SWIFT_STANDARD_LIBRARIES = YES;
				BUNDLE_LOADER = "$(TEST_HOST)";
				CODE_SIGN_STYLE = Automatic;
				CURRENT_PROJECT_VERSION = 1;
				DEVELOPMENT_TEAM = VT9QW74UCT;
				GENERATE_INFOPLIST_FILE = YES;
				IPHONEOS_DEPLOYMENT_TARGET = 16.2;
				MARKETING_VERSION = 1.0;
				PRODUCT_BUNDLE_IDENTIFIER = DevOp.CoreDataSwitUIDemoTests;
				PRODUCT_NAME = "$(TARGET_NAME)";
				SWIFT_EMIT_LOC_STRINGS = NO;
				SWIFT_VERSION = 5.0;
				TARGETED_DEVICE_FAMILY = "1,2";
				TEST_HOST = "$(BUILT_PRODUCTS_DIR)/CoreDataSwitUIDemo.app/$(BUNDLE_EXECUTABLE_FOLDER_PATH)/CoreDataSwitUIDemo";
			};
			name = Debug;
		};
		F2E026A729B27D4D00B21FC3 /* Release */ = {
			isa = XCBuildConfiguration;
			buildSettings = {
				ALWAYS_EMBED_SWIFT_STANDARD_LIBRARIES = YES;
				BUNDLE_LOADER = "$(TEST_HOST)";
				CODE_SIGN_STYLE = Automatic;
				CURRENT_PROJECT_VERSION = 1;
				DEVELOPMENT_TEAM = VT9QW74UCT;
				GENERATE_INFOPLIST_FILE = YES;
				IPHONEOS_DEPLOYMENT_TARGET = 16.2;
				MARKETING_VERSION = 1.0;
				PRODUCT_BUNDLE_IDENTIFIER = DevOp.CoreDataSwitUIDemoTests;
				PRODUCT_NAME = "$(TARGET_NAME)";
				SWIFT_EMIT_LOC_STRINGS = NO;
				SWIFT_VERSION = 5.0;
				TARGETED_DEVICE_FAMILY = "1,2";
				TEST_HOST = "$(BUILT_PRODUCTS_DIR)/CoreDataSwitUIDemo.app/$(BUNDLE_EXECUTABLE_FOLDER_PATH)/CoreDataSwitUIDemo";
			};
			name = Release;
		};
		F2E026A929B27D4D00B21FC3 /* Debug */ = {
			isa = XCBuildConfiguration;
			buildSettings = {
				ALWAYS_EMBED_SWIFT_STANDARD_LIBRARIES = YES;
				CODE_SIGN_STYLE = Automatic;
				CURRENT_PROJECT_VERSION = 1;
				DEVELOPMENT_TEAM = VT9QW74UCT;
				GENERATE_INFOPLIST_FILE = YES;
				MARKETING_VERSION = 1.0;
				PRODUCT_BUNDLE_IDENTIFIER = DevOp.CoreDataSwitUIDemoUITests;
				PRODUCT_NAME = "$(TARGET_NAME)";
				SWIFT_EMIT_LOC_STRINGS = NO;
				SWIFT_VERSION = 5.0;
				TARGETED_DEVICE_FAMILY = "1,2";
				TEST_TARGET_NAME = CoreDataSwitUIDemo;
			};
			name = Debug;
		};
		F2E026AA29B27D4D00B21FC3 /* Release */ = {
			isa = XCBuildConfiguration;
			buildSettings = {
				ALWAYS_EMBED_SWIFT_STANDARD_LIBRARIES = YES;
				CODE_SIGN_STYLE = Automatic;
				CURRENT_PROJECT_VERSION = 1;
				DEVELOPMENT_TEAM = VT9QW74UCT;
				GENERATE_INFOPLIST_FILE = YES;
				MARKETING_VERSION = 1.0;
				PRODUCT_BUNDLE_IDENTIFIER = DevOp.CoreDataSwitUIDemoUITests;
				PRODUCT_NAME = "$(TARGET_NAME)";
				SWIFT_EMIT_LOC_STRINGS = NO;
				SWIFT_VERSION = 5.0;
				TARGETED_DEVICE_FAMILY = "1,2";
				TEST_TARGET_NAME = CoreDataSwitUIDemo;
			};
			name = Release;
		};
/* End XCBuildConfiguration section */

/* Begin XCConfigurationList section */
		F2E0267929B27D4B00B21FC3 /* Build configuration list for PBXProject "CoreDataSwitUIDemo" */ = {
			isa = XCConfigurationList;
			buildConfigurations = (
				F2E026A029B27D4D00B21FC3 /* Debug */,
				F2E026A129B27D4D00B21FC3 /* Release */,
			);
			defaultConfigurationIsVisible = 0;
			defaultConfigurationName = Release;
		};
		F2E026A229B27D4D00B21FC3 /* Build configuration list for PBXNativeTarget "CoreDataSwitUIDemo" */ = {
			isa = XCConfigurationList;
			buildConfigurations = (
				F2E026A329B27D4D00B21FC3 /* Debug */,
				F2E026A429B27D4D00B21FC3 /* Release */,
			);
			defaultConfigurationIsVisible = 0;
			defaultConfigurationName = Release;
		};
		F2E026A529B27D4D00B21FC3 /* Build configuration list for PBXNativeTarget "CoreDataSwitUIDemoTests" */ = {
			isa = XCConfigurationList;
			buildConfigurations = (
				F2E026A629B27D4D00B21FC3 /* Debug */,
				F2E026A729B27D4D00B21FC3 /* Release */,
			);
			defaultConfigurationIsVisible = 0;
			defaultConfigurationName = Release;
		};
		F2E026A829B27D4D00B21FC3 /* Build configuration list for PBXNativeTarget "CoreDataSwitUIDemoUITests" */ = {
			isa = XCConfigurationList;
			buildConfigurations = (
				F2E026A929B27D4D00B21FC3 /* Debug */,
				F2E026AA29B27D4D00B21FC3 /* Release */,
			);
			defaultConfigurationIsVisible = 0;
			defaultConfigurationName = Release;
		};
/* End XCConfigurationList section */

/* Begin XCVersionGroup section */
		F2E026AB29B27EC300B21FC3 /* SubjectsContainer.xcdatamodeld */ = {
			isa = XCVersionGroup;
			children = (
				F2E026AC29B27EC300B21FC3 /* SubjectsContainer.xcdatamodel */,
			);
			currentVersion = F2E026AC29B27EC300B21FC3 /* SubjectsContainer.xcdatamodel */;
			path = SubjectsContainer.xcdatamodeld;
			sourceTree = "<group>";
			versionGroupType = wrapper.xcdatamodel;
		};
/* End XCVersionGroup section */
	};
	rootObject = F2E0267629B27D4B00B21FC3 /* Project object */;
}
